<?xml version="1.0" encoding="utf-8"?>
<Project ToolsVersion="4.0" xmlns="http://schemas.microsoft.com/developer/msbuild/2003">
  <ItemGroup>
    <Filter Include="Source Files">
      <UniqueIdentifier>{4FC737F1-C7A5-4376-A066-2A32D752A2FF}</UniqueIdentifier>
      <Extensions>cpp;c;cc;cxx;c++;cppm;ixx;def;odl;idl;hpj;bat;asm;asmx</Extensions>
    </Filter>
    <Filter Include="Header Files">
      <UniqueIdentifier>{93995380-89BD-4b04-88EB-625FBE52EBFB}</UniqueIdentifier>
      <Extensions>h;hh;hpp;hxx;h++;hm;inl;inc;ipp;xsd</Extensions>
    </Filter>
    <Filter Include="Resource Files">
      <UniqueIdentifier>{67DA6AB6-F800-4c08-8B7A-83BB121AAD01}</UniqueIdentifier>
      <Extensions>rc;ico;cur;bmp;dlg;rc2;rct;bin;rgs;gif;jpg;jpeg;jpe;resx;tiff;tif;png;wav;mfcribbon-ms</Extensions>
    </Filter>
    <Filter Include="Header Files\Stack">
      <UniqueIdentifier>{3ff2ce64-ba77-42ef-89c6-70eeba7032c0}</UniqueIdentifier>
    </Filter>
    <Filter Include="Header Files\Queue">
      <UniqueIdentifier>{d0ecaf9e-11c9-47c3-8eb7-46fc53c008df}</UniqueIdentifier>
    </Filter>
    <Filter Include="Header Files\Priority Queue">
      <UniqueIdentifier>{cbd7bff6-f028-4f02-8907-df5ef3cd5b4d}</UniqueIdentifier>
    </Filter>
  </ItemGroup>
  <ItemGroup>
    <ClCompile Include="Temp_test.cpp">
      <Filter>Source Files</Filter>
    </ClCompile>
    <ClCompile Include="Order.cpp">
      <Filter>Source Files</Filter>
    </ClCompile>
    <ClCompile Include="Chef.cpp">
      <Filter>Source Files</Filter>
    </ClCompile>
    <ClCompile Include="Scooter.cpp">
      <Filter>Source Files</Filter>
    </ClCompile>
    <ClCompile Include="Table.cpp">
      <Filter>Source Files</Filter>
    </ClCompile>
    <ClCompile Include="Restaurant.cpp">
      <Filter>Source Files</Filter>
    </ClCompile>
    <ClCompile Include="Action.cpp">
      <Filter>Source Files</Filter>
    </ClCompile>
    <ClCompile Include="ArrivalAction.cpp">
      <Filter>Source Files</Filter>
    </ClCompile>
    <ClCompile Include="CancelAction.cpp">
      <Filter>Source Files</Filter>
    </ClCompile>
    <ClCompile Include="PromoteAction.cpp">
      <Filter>Source Files</Filter>
    </ClCompile>
    <ClCompile Include="MaintenanceAction.cpp">
      <Filter>Source Files</Filter>
    </ClCompile>
    <ClCompile Include="UI.cpp">
      <Filter>Source Files</Filter>
    </ClCompile>
  </ItemGroup>
  <ItemGroup>
    <ClInclude Include="Node.h">
      <Filter>Header Files</Filter>
    </ClInclude>
    <ClInclude Include="LinkedStack.h">
      <Filter>Header Files\Stack</Filter>
    </ClInclude>
    <ClInclude Include="StackADT.h">
      <Filter>Header Files\Stack</Filter>
    </ClInclude>
    <ClInclude Include="QueueADT.h">
      <Filter>Header Files\Queue</Filter>
    </ClInclude>
    <ClInclude Include="LinkedQueue.h">
      <Filter>Header Files\Queue</Filter>
    </ClInclude>
    <ClInclude Include="priQueue.h">
      <Filter>Header Files\Priority Queue</Filter>
    </ClInclude>
    <ClInclude Include="priNode.h">
      <Filter>Header Files\Priority Queue</Filter>
    </ClInclude>
    <ClInclude Include="Order.h">
      <Filter>Header Files</Filter>
    </ClInclude>
    <ClInclude Include="Chef.h">
      <Filter>Header Files</Filter>
    </ClInclude>
    <ClInclude Include="Scooter.h">
      <Filter>Header Files</Filter>
    </ClInclude>
    <ClInclude Include="Table.h">
      <Filter>Header Files</Filter>
    </ClInclude>
    <ClInclude Include="Restaurant.h">
      <Filter>Header Files</Filter>
    </ClInclude>
    <ClInclude Include="Action.h">
      <Filter>Header Files</Filter>
    </ClInclude>
    <ClInclude Include="ArrivalAction.h">
      <Filter>Header Files</Filter>
    </ClInclude>
    <ClInclude Include="CancelAction.h">
      <Filter>Header Files</Filter>
    </ClInclude>
    <ClInclude Include="PromoteAction.h">
      <Filter>Header Files</Filter>
    </ClInclude>
    <ClInclude Include="MaintenanceAction.h">
      <Filter>Header Files</Filter>
    </ClInclude>
    <ClInclude Include="UI.h">
      <Filter>Header Files</Filter>
    </ClInclude>
    <ClInclude Include="PEND_OVC.h">
      <Filter>Header Files</Filter>
    </ClInclude>
    <ClInclude Include="Fit_Tables.h">
      <Filter>Header Files</Filter>
    </ClInclude>
    <ClInclude Include="Cook_Ords.h">
      <Filter>Header Files</Filter>
    </ClInclude>
    <ClInclude Include="RDY_OV.h">
      <Filter>Header Files</Filter>
    </ClInclude>
  </ItemGroup>
  <ItemGroup>
    <Text Include="testcase2.txt" />
    <Text Include="testcase3.txt" />
  </ItemGroup>
</Project>